{
  "nodes": {
    "cl-boundary-kit": {
      "flake": false,
      "locked": {
        "lastModified": 1785657708,
        "narHash": "sha256-DieHj+VkI/S98vflHzfLZgJgATJGePT7QS9ElQkpiGU=",
        "owner": "nerima-lisp",
        "repo": "cl-boundary-kit",
        "rev": "9d85a1530ae6b1be3a6e83173b1c7d7817e2d203",
        "type": "github"
      },
      "original": {
        "owner": "nerima-lisp",
        "ref": "v2.0.1",
        "repo": "cl-boundary-kit",
        "type": "github"
      }
    },
    "cl-cc-ast": {
      "flake": false,
      "locked": {
        "lastModified": 1785484061,
        "narHash": "sha256-UkonaEkOJr6SDHcu9vooVqY5X3kWK0+9vYps1K2sMhg=",
        "owner": "nerima-lisp",
        "repo": "cl-cc-ast",
        "rev": "25375954dd13037d608b8e427a6dd86588207153",
        "type": "github"
      },
      "original": {
        "owner": "nerima-lisp",
        "ref": "v0.2.0",
        "repo": "cl-cc-ast",
        "type": "github"
      }
    },
    "cl-cc-bootstrap": {
      "flake": false,
      "locked": {
        "lastModified": 1785088000,
        "narHash": "sha256-1LqtYLulsEZ0TU9IVMfPA59s5x6J3pmq7/ShQJNCbFg=",
        "owner": "nerima-lisp",
        "repo": "cl-cc-bootstrap",
        "rev": "b1ff1defbba014ba7b312c882ee8a5e7cabb5cc3",
        "type": "github"
      },
      "original": {
        "owner": "nerima-lisp",
        "repo": "cl-cc-bootstrap",
        "rev": "b1ff1defbba014ba7b312c882ee8a5e7cabb5cc3",
        "type": "github"
      }
    },
    "cl-cc-runtime": {
      "flake": false,
      "locked": {
        "lastModified": 1785009757,
        "narHash": "sha256-Gai99S6dUFokiZsLZsF77wVLreET3S51iK+gRglPQ0g=",
        "owner": "nerima-lisp",
        "repo": "cl-cc-runtime",
        "rev": "4ff5a823cccf46669688ae513f0e4727a76e913e",
        "type": "github"
      },
      "original": {
        "owner": "nerima-lisp",
        "ref": "v0.1.0",
        "repo": "cl-cc-runtime",
        "type": "github"
      }
    },
    "cl-cc-type": {
      "flake": false,
      "locked": {
        "lastModified": 1785487710,
        "narHash": "sha256-oenA9WafiIt//qh7eV53h+lxKRNeZBXmtqZlw18AT2E=",
        "owner": "nerima-lisp",
        "repo": "cl-cc-type",
        "rev": "93200bdc24123940dc52b7f916d0cb8f0ebf0993",
        "type": "github"
      },
      "original": {
        "owner": "nerima-lisp",
        "ref": "v0.2.0",
        "repo": "cl-cc-type",
        "type": "github"
      }
    },
    "cl-cc-vm": {
      "flake": false,
      "locked": {
        "lastModified": 1785380065,
        "narHash": "sha256-J9PWKKZJisvobKNZF1VMrYsC9geX/M1Ee+wNmfiS9Go=",
        "owner": "nerima-lisp",
        "repo": "cl-cc-vm",
        "rev": "d88159a190283aaa39e50ec8e4b3fa2392dad0bd",
        "type": "github"
      },
      "original": {
        "owner": "nerima-lisp",
        "repo": "cl-cc-vm",
        "rev": "d88159a190283aaa39e50ec8e4b3fa2392dad0bd",
        "type": "github"
      }
    },
    "cl-concurrent-kit": {
      "flake": false,
      "locked": {
        "lastModified": 1785663008,
        "narHash": "sha256-zChJOROZOumc4lxpigU9Zqvt4TL1roJK+5F8buyZbtw=",
        "owner": "nerima-lisp",
        "repo": "cl-concurrent-kit",
        "rev": "85f015330b3acf4ca4566cf9e8eb72c571611b26",
        "type": "github"
      },
      "original": {
        "owner": "nerima-lisp",
        "ref": "v0.3.0",
        "repo": "cl-concurrent-kit",
        "type": "github"
      }
    },
    "cl-date-kit": {
      "flake": false,
      "locked": {
        "lastModified": 1785429368,
        "narHash": "sha256-gHRCkMGrq/ZBeNS6Stx8nvx5brNi5P1sRzzN4nGwwTo=",
        "owner": "nerima-lisp",
        "repo": "cl-date-kit",
        "rev": "b0d9cb2f978a0c1ccfd1450ec6c10a33a9b2c858",
        "type": "github"
      },
      "original": {
        "owner": "nerima-lisp",
        "ref": "v0.2.0",
        "repo": "cl-date-kit",
        "type": "github"
      }
    },
    "cl-host-kit": {
      "flake": false,
      "locked": {
        "lastModified": 1785662299,
        "narHash": "sha256-XzvvQ6MsRFYQNYe757mIbzSlBUy8l6Jv0aReFpuxPyo=",
        "owner": "nerima-lisp",
        "repo": "cl-host-kit",
        "rev": "7dc003d5ba176080796d775f6c8c4f75a5d56107",
        "type": "github"
      },
      "original": {
        "owner": "nerima-lisp",
        "ref": "v0.2.5",
        "repo": "cl-host-kit",
        "type": "github"
      }
    },
    "cl-json-kit": {
      "flake": false,
      "locked": {
        "lastModified": 1785654907,
        "narHash": "sha256-f9mh/oRlKmkEjx3x6sflSyofi9+ixAnCKrHO6xMpIgY=",
        "owner": "nerima-lisp",
        "repo": "cl-json-kit",
        "rev": "8fac6689685c03a9da18bf99db973278b2620cf7",
        "type": "github"
      },
      "original": {
        "owner": "nerima-lisp",
        "ref": "v1.0.2",
        "repo": "cl-json-kit",
        "type": "github"
      }
    },
    "cl-log-kit": {
      "flake": false,
      "locked": {
        "lastModified": 1785658987,
        "narHash": "sha256-O7Ja+BmbXQXYZs8/c1EaHyWK+NBkPWMR9NkGx+hLsAw=",
        "owner": "nerima-lisp",
        "repo": "cl-log-kit",
        "rev": "c4986211b742520663c39db7bdfabee8645969ff",
        "type": "github"
      },
      "original": {
        "owner": "nerima-lisp",
        "ref": "v2.0.1",
        "repo": "cl-log-kit",
        "type": "github"
      }
    },
    "cl-parser-kit": {
      "flake": false,
      "locked": {
        "lastModified": 1785656543,
        "narHash": "sha256-VhN+gWAo594jpg350TrBgp//bJQRDOtDNYIa1zB144U=",
        "owner": "nerima-lisp",
        "repo": "cl-parser-kit",
        "rev": "b887d3b053d24df4568fcff2f3e3ee47d839db22",
        "type": "github"
      },
      "original": {
        "owner": "nerima-lisp",
        "ref": "v1.0.3",
        "repo": "cl-parser-kit",
        "type": "github"
      }
    },
    "cl-process-kit": {
      "flake": false,
      "locked": {
        "lastModified": 1785656921,
        "narHash": "sha256-el0+udOUZE9KZPbgWN1HWTYe/6g94LKSO3oJs4jfS1Y=",
        "owner": "nerima-lisp",
        "repo": "cl-process-kit",
        "rev": "7454fc16370402f434c960f54ee161a1de7641af",
        "type": "github"
      },
      "original": {
        "owner": "nerima-lisp",
        "ref": "v3.1.0",
        "repo": "cl-process-kit",
        "type": "github"
      }
    },
    "cl-prolog": {
      "flake": false,
      "locked": {
        "lastModified": 1785656951,
        "narHash": "sha256-szDf+Sg5RDex/VC/2h9tt9TQYyxwOgPjTR4PpKB9To8=",
        "owner": "nerima-lisp",
        "repo": "cl-prolog",
        "rev": "c78f2c34792d01b653721d6b12427f98ef4235d7",
        "type": "github"
      },
      "original": {
        "owner": "nerima-lisp",
        "ref": "v1.3.0",
        "repo": "cl-prolog",
        "type": "github"
      }
    },
    "cl-weave": {
      "flake": false,
      "locked": {
        "lastModified": 1785662484,
        "narHash": "sha256-GFChZBI8RbOnov3WCTT2jw0H/kBqYK0ig6i7ltzjnyU=",
        "owner": "nerima-lisp",
        "repo": "cl-weave",
        "rev": "a8a094226480b92a3789e7e48a2af5faa2e36326",
        "type": "github"
      },
      "original": {
        "owner": "nerima-lisp",
        "ref": "v1.1.4",
        "repo": "cl-weave",
        "type": "github"
      }
    },
    "crane": {
      "locked": {
        "lastModified": 1784564969,
        "narHash": "sha256-TkTWNhJV/8Wk3czlbz4bwHZkFCaCHPsOy+oJe4PUiXg=",
        "owner": "ipetkov",
        "repo": "crane",
        "rev": "7930f6c291de6f83c257839d434592aa085f290a",
        "type": "github"
      },
      "original": {
        "owner": "ipetkov",
        "repo": "crane",
        "type": "github"
      }
    },
    "nixpkgs": {
      "locked": {
        "lastModified": 1785571196,
        "narHash": "sha256-KoTsyMQqnXQZq8deCEnu4QkyldkwH/bpMMhUcfMdGIw=",
        "owner": "NixOS",
        "repo": "nixpkgs",
        "rev": "148bab9c1c3c53136ecb44a6ea356a0ed5b39b06",
        "type": "github"
      },
      "original": {
        "owner": "NixOS",
        "ref": "nixos-unstable",
        "repo": "nixpkgs",
        "type": "github"
      }
    },
    "paredit-cli": {
      "inputs": {
        "crane": "crane",
        "nixpkgs": [
          "nixpkgs"
        ],
        "rust-overlay": "rust-overlay",
        "treefmt-nix": "treefmt-nix"
      },
      "locked": {
        "lastModified": 1785644478,
        "narHash": "sha256-kqu9BDf8JqVe+Qo08ahOOuqpbqSto5RlQRhHoKw40d8=",
        "owner": "nerima-lisp",
        "repo": "paredit-cli",
        "rev": "9f8db23ddd496ef6773e040454832eeafc60aeea",
        "type": "github"
      },
      "original": {
        "owner": "nerima-lisp",
        "ref": "v1.4.0",
        "repo": "paredit-cli",
        "type": "github"
      }
    },
    "root": {
      "inputs": {
        "cl-boundary-kit": "cl-boundary-kit",
        "cl-cc-ast": "cl-cc-ast",
        "cl-cc-bootstrap": "cl-cc-bootstrap",
        "cl-cc-runtime": "cl-cc-runtime",
        "cl-cc-type": "cl-cc-type",
        "cl-cc-vm": "cl-cc-vm",
        "cl-concurrent-kit": "cl-concurrent-kit",
        "cl-date-kit": "cl-date-kit",
        "cl-host-kit": "cl-host-kit",
        "cl-json-kit": "cl-json-kit",
        "cl-log-kit": "cl-log-kit",
        "cl-parser-kit": "cl-parser-kit",
        "cl-process-kit": "cl-process-kit",
        "cl-prolog": "cl-prolog",
        "cl-weave": "cl-weave",
        "nixpkgs": "nixpkgs",
        "paredit-cli": "paredit-cli",
        "treefmt-nix": "treefmt-nix_2"
      }
    },
    "rust-overlay": {
      "inputs": {
        "nixpkgs": [
          "paredit-cli",
          "nixpkgs"
        ]
      },
      "locked": {
        "lastModified": 1783663825,
        "narHash": "sha256-TTrNVoFdEw8j0Hn+shP1KAsimTmszTWBIIUliTaAuY0=",
        "owner": "oxalica",
        "repo": "rust-overlay",
        "rev": "072adf9b18936c1062c48123a9b77891d5968f2c",
        "type": "github"
      },
      "original": {
        "owner": "oxalica",
        "repo": "rust-overlay",
        "type": "github"
      }
    },
    "treefmt-nix": {
      "inputs": {
        "nixpkgs": [
          "paredit-cli",
          "nixpkgs"
        ]
      },
      "locked": {
        "lastModified": 1780220602,
        "narHash": "sha256-eynAfOmbmxJnkp7YewvCEbShNnnYJ9gLLqkzsYtBPeM=",
        "owner": "numtide",
        "repo": "treefmt-nix",
        "rev": "db947814a175b7ca6ded66e21383d938df01c227",
        "type": "github"
      },
      "original": {
        "owner": "numtide",
        "repo": "treefmt-nix",
        "type": "github"
      }
    },
    "treefmt-nix_2": {
      "inputs": {
        "nixpkgs": [
          "nixpkgs"
        ]
      },
      "locked": {
        "lastModified": 1785360170,
        "narHash": "sha256-XE1lKgQ3eIO3E7zWryqcRsax+mYXod/5RHBn4YaR9YE=",
        "owner": "numtide",
        "repo": "treefmt-nix",
        "rev": "d1187f8bc71fb8aab02395869ec3f5c1920f75c0",
        "type": "github"
      },
      "original": {
        "owner": "numtide",
        "repo": "treefmt-nix",
        "type": "github"
      }
    }
  },
  "root": "root",
  "version": 7
}
