{
  "nodes": {
    "cl-boundary-kit": {
      "flake": false,
      "locked": {
        "lastModified": 1785937199,
        "narHash": "sha256-FAuQIpnySCV4KoPm2ugbq/9uMsBGBO5XzF0SE3o0MTI=",
        "owner": "nerima-lisp",
        "repo": "cl-boundary-kit",
        "rev": "62e4a7df3e52061c38b7ff4f596436bdda985f71",
        "type": "github"
      },
      "original": {
        "owner": "nerima-lisp",
        "ref": "v2.3.0",
        "repo": "cl-boundary-kit",
        "type": "github"
      }
    },
    "cl-cc-ast": {
      "flake": false,
      "locked": {
        "lastModified": 1785484061,
        "narHash": "sha256-UkonaEkOJr6SDHcu9vooVqY5X3kWK0+9vYps1K2sMhg=",
        "owner": "nerima-lisp",
        "repo": "cl-cc-ast",
        "rev": "25375954dd13037d608b8e427a6dd86588207153",
        "type": "github"
      },
      "original": {
        "owner": "nerima-lisp",
        "ref": "v0.2.0",
        "repo": "cl-cc-ast",
        "type": "github"
      }
    },
    "cl-cc-bootstrap": {
      "flake": false,
      "locked": {
        "lastModified": 1785088000,
        "narHash": "sha256-1LqtYLulsEZ0TU9IVMfPA59s5x6J3pmq7/ShQJNCbFg=",
        "owner": "nerima-lisp",
        "repo": "cl-cc-bootstrap",
        "rev": "b1ff1defbba014ba7b312c882ee8a5e7cabb5cc3",
        "type": "github"
      },
      "original": {
        "owner": "nerima-lisp",
        "repo": "cl-cc-bootstrap",
        "rev": "b1ff1defbba014ba7b312c882ee8a5e7cabb5cc3",
        "type": "github"
      }
    },
    "cl-cc-runtime": {
      "flake": false,
      "locked": {
        "lastModified": 1785009757,
        "narHash": "sha256-Gai99S6dUFokiZsLZsF77wVLreET3S51iK+gRglPQ0g=",
        "owner": "nerima-lisp",
        "repo": "cl-cc-runtime",
        "rev": "4ff5a823cccf46669688ae513f0e4727a76e913e",
        "type": "github"
      },
      "original": {
        "owner": "nerima-lisp",
        "ref": "v0.1.0",
        "repo": "cl-cc-runtime",
        "type": "github"
      }
    },
    "cl-cc-type": {
      "flake": false,
      "locked": {
        "lastModified": 1785487710,
        "narHash": "sha256-oenA9WafiIt//qh7eV53h+lxKRNeZBXmtqZlw18AT2E=",
        "owner": "nerima-lisp",
        "repo": "cl-cc-type",
        "rev": "93200bdc24123940dc52b7f916d0cb8f0ebf0993",
        "type": "github"
      },
      "original": {
        "owner": "nerima-lisp",
        "ref": "v0.2.0",
        "repo": "cl-cc-type",
        "type": "github"
      }
    },
    "cl-cc-vm": {
      "flake": false,
      "locked": {
        "lastModified": 1785380065,
        "narHash": "sha256-J9PWKKZJisvobKNZF1VMrYsC9geX/M1Ee+wNmfiS9Go=",
        "owner": "nerima-lisp",
        "repo": "cl-cc-vm",
        "rev": "d88159a190283aaa39e50ec8e4b3fa2392dad0bd",
        "type": "github"
      },
      "original": {
        "owner": "nerima-lisp",
        "repo": "cl-cc-vm",
        "rev": "d88159a190283aaa39e50ec8e4b3fa2392dad0bd",
        "type": "github"
      }
    },
    "cl-codec-kit": {
      "flake": false,
      "locked": {
        "lastModified": 1790500690,
        "narHash": "sha256-vr00pg1SeZ0BJKeSiM2bmxwC2YK5VwDiSYq5bNVRj14=",
        "owner": "nerima-lisp",
        "repo": "cl-codec-kit",
        "rev": "5885db990560b1aa3992a88daceea010b9adc1d2",
        "type": "github"
      },
      "original": {
        "owner": "nerima-lisp",
        "ref": "v0.6.0",
        "repo": "cl-codec-kit",
        "type": "github"
      }
    },
    "cl-concurrent-kit": {
      "flake": false,
      "locked": {
        "lastModified": 1785940791,
        "narHash": "sha256-4ZXzAIMn4x+/zhx+jOW/Vr61oT/lc+PJIWzAE5y2Qsw=",
        "owner": "nerima-lisp",
        "repo": "cl-concurrent-kit",
        "rev": "0ef20d36a0a12800f231172227bd94034611c639",
        "type": "github"
      },
      "original": {
        "owner": "nerima-lisp",
        "ref": "v0.6.1",
        "repo": "cl-concurrent-kit",
        "type": "github"
      }
    },
    "cl-date-kit": {
      "flake": false,
      "locked": {
        "lastModified": 1790450959,
        "narHash": "sha256-tB9CMfpnp0suzaXLRey5EKTbXvJ+3M64Uf0lhYD0c84=",
        "owner": "nerima-lisp",
        "repo": "cl-date-kit",
        "rev": "021c00df3f4dd18cad7206221125d1596db2fae5",
        "type": "github"
      },
      "original": {
        "owner": "nerima-lisp",
        "ref": "v1.1.1",
        "repo": "cl-date-kit",
        "type": "github"
      }
    },
    "cl-host-kit": {
      "flake": false,
      "locked": {
        "lastModified": 1785923957,
        "narHash": "sha256-pUR7Gi9Fdwg9WR1Mpjl+yBAb8FHAAieG8lTLYwfVJOc=",
        "owner": "nerima-lisp",
        "repo": "cl-host-kit",
        "rev": "ec565470b634605e23b0d6eef0645eb15e8e3356",
        "type": "github"
      },
      "original": {
        "owner": "nerima-lisp",
        "ref": "v0.3.1",
        "repo": "cl-host-kit",
        "type": "github"
      }
    },
    "cl-json-kit": {
      "flake": false,
      "locked": {
        "lastModified": 1785923850,
        "narHash": "sha256-0TBp7mlj0VF2krHZ83tsBtMKoiI38kpm8n56B/Ie37k=",
        "owner": "nerima-lisp",
        "repo": "cl-json-kit",
        "rev": "dace990f643d1dd07639ce57a2559c5143850cce",
        "type": "github"
      },
      "original": {
        "owner": "nerima-lisp",
        "ref": "v1.2.0",
        "repo": "cl-json-kit",
        "type": "github"
      }
    },
    "cl-log-kit": {
      "flake": false,
      "locked": {
        "lastModified": 1785930087,
        "narHash": "sha256-zFbU9a8KLHThzQRn7jqSL0SoTj7ImeP3Q5lJmsOzBQM=",
        "owner": "nerima-lisp",
        "repo": "cl-log-kit",
        "rev": "580ebe23e4106edb8dcc89c0d4732f585c17e3f9",
        "type": "github"
      },
      "original": {
        "owner": "nerima-lisp",
        "ref": "v2.2.0",
        "repo": "cl-log-kit",
        "type": "github"
      }
    },
    "cl-parser-kit": {
      "flake": false,
      "locked": {
        "lastModified": 1785931427,
        "narHash": "sha256-IR8GbJVuSKS8fTcuQezTVlJJ3nU802shk2fdiHszcig=",
        "owner": "nerima-lisp",
        "repo": "cl-parser-kit",
        "rev": "6379014e6d85bdaecc57157611baa4ddf4b2b206",
        "type": "github"
      },
      "original": {
        "owner": "nerima-lisp",
        "ref": "v1.1.1",
        "repo": "cl-parser-kit",
        "type": "github"
      }
    },
    "cl-process-kit": {
      "flake": false,
      "locked": {
        "lastModified": 1790572250,
        "narHash": "sha256-vU3PHcoEA72BBK37uvjsdkuApxNR4FZ9KV27VyMWM5c=",
        "owner": "nerima-lisp",
        "repo": "cl-process-kit",
        "rev": "1276a8b8db6120ac15a0911c255a586b3a030ca1",
        "type": "github"
      },
      "original": {
        "owner": "nerima-lisp",
        "ref": "v3.4.0",
        "repo": "cl-process-kit",
        "type": "github"
      }
    },
    "cl-prolog-kit": {
      "flake": false,
      "locked": {
        "lastModified": 1786948477,
        "narHash": "sha256-3qn9W1Jmbxnr0Si77J7Klo26oX/zjgBVwb5ye74NsTY=",
        "owner": "nerima-lisp",
        "repo": "cl-prolog-kit",
        "rev": "239368e1001bc3a8576d45770c9e91da11515d09",
        "type": "github"
      },
      "original": {
        "owner": "nerima-lisp",
        "ref": "v1.5.0",
        "repo": "cl-prolog-kit",
        "type": "github"
      }
    },
    "cl-weave": {
      "flake": false,
      "locked": {
        "lastModified": 1790778646,
        "narHash": "sha256-x2bYA/A2q9q1QOccPG1faD6J6Hn+/9YCd3xKQFrNefY=",
        "owner": "nerima-lisp",
        "repo": "cl-weave",
        "rev": "32671560d3d15d4ecf33b9d8af862ea60737841b",
        "type": "github"
      },
      "original": {
        "owner": "nerima-lisp",
        "ref": "v1.4.0",
        "repo": "cl-weave",
        "type": "github"
      }
    },
    "crane": {
      "locked": {
        "lastModified": 1785631643,
        "narHash": "sha256-H++/2dMt+5+tErKU+t5z6c4Xedvj9w+UPQYrpygwIPw=",
        "owner": "ipetkov",
        "repo": "crane",
        "rev": "b8d87f76ea4e4b6f30f2e6eaf3fbb60ff7d87167",
        "type": "github"
      },
      "original": {
        "owner": "ipetkov",
        "repo": "crane",
        "type": "github"
      }
    },
    "nixpkgs": {
      "locked": {
        "lastModified": 1785571196,
        "narHash": "sha256-KoTsyMQqnXQZq8deCEnu4QkyldkwH/bpMMhUcfMdGIw=",
        "owner": "NixOS",
        "repo": "nixpkgs",
        "rev": "148bab9c1c3c53136ecb44a6ea356a0ed5b39b06",
        "type": "github"
      },
      "original": {
        "owner": "NixOS",
        "ref": "nixos-unstable",
        "repo": "nixpkgs",
        "type": "github"
      }
    },
    "paredit-cli": {
      "inputs": {
        "crane": "crane",
        "nixpkgs": [
          "nixpkgs"
        ],
        "rust-overlay": "rust-overlay",
        "treefmt-nix": "treefmt-nix"
      },
      "locked": {
        "lastModified": 1788540112,
        "narHash": "sha256-UnHnKf6RiaOXOq2ZBoYLtE9/vDz05tFtI69juYrKPno=",
        "owner": "nerima-lisp",
        "repo": "paredit-cli",
        "rev": "e8efd9528cf9a7acc98d3b99961bd657a0a9a62a",
        "type": "github"
      },
      "original": {
        "owner": "nerima-lisp",
        "ref": "v1.6.3",
        "repo": "paredit-cli",
        "type": "github"
      }
    },
    "root": {
      "inputs": {
        "cl-boundary-kit": "cl-boundary-kit",
        "cl-cc-ast": "cl-cc-ast",
        "cl-cc-bootstrap": "cl-cc-bootstrap",
        "cl-cc-runtime": "cl-cc-runtime",
        "cl-cc-type": "cl-cc-type",
        "cl-cc-vm": "cl-cc-vm",
        "cl-codec-kit": "cl-codec-kit",
        "cl-concurrent-kit": "cl-concurrent-kit",
        "cl-date-kit": "cl-date-kit",
        "cl-host-kit": "cl-host-kit",
        "cl-json-kit": "cl-json-kit",
        "cl-log-kit": "cl-log-kit",
        "cl-parser-kit": "cl-parser-kit",
        "cl-process-kit": "cl-process-kit",
        "cl-prolog-kit": "cl-prolog-kit",
        "cl-weave": "cl-weave",
        "nixpkgs": "nixpkgs",
        "paredit-cli": "paredit-cli",
        "treefmt-nix": "treefmt-nix_2"
      }
    },
    "rust-overlay": {
      "inputs": {
        "nixpkgs": [
          "paredit-cli",
          "nixpkgs"
        ]
      },
      "locked": {
        "lastModified": 1785648791,
        "narHash": "sha256-4wZa7NDOxbcm9pTNNcg88nvvPb9uVcWsJ+Ncil8eB1I=",
        "owner": "oxalica",
        "repo": "rust-overlay",
        "rev": "32346a8154e65fa10bac36f7b476a5294cb8b150",
        "type": "github"
      },
      "original": {
        "owner": "oxalica",
        "repo": "rust-overlay",
        "type": "github"
      }
    },
    "treefmt-nix": {
      "inputs": {
        "nixpkgs": [
          "paredit-cli",
          "nixpkgs"
        ]
      },
      "locked": {
        "lastModified": 1785360170,
        "narHash": "sha256-XE1lKgQ3eIO3E7zWryqcRsax+mYXod/5RHBn4YaR9YE=",
        "owner": "numtide",
        "repo": "treefmt-nix",
        "rev": "d1187f8bc71fb8aab02395869ec3f5c1920f75c0",
        "type": "github"
      },
      "original": {
        "owner": "numtide",
        "repo": "treefmt-nix",
        "type": "github"
      }
    },
    "treefmt-nix_2": {
      "inputs": {
        "nixpkgs": [
          "nixpkgs"
        ]
      },
      "locked": {
        "lastModified": 1785360170,
        "narHash": "sha256-XE1lKgQ3eIO3E7zWryqcRsax+mYXod/5RHBn4YaR9YE=",
        "owner": "numtide",
        "repo": "treefmt-nix",
        "rev": "d1187f8bc71fb8aab02395869ec3f5c1920f75c0",
        "type": "github"
      },
      "original": {
        "owner": "numtide",
        "repo": "treefmt-nix",
        "type": "github"
      }
    }
  },
  "root": "root",
  "version": 7
}
